
Microsoft Visual Studio Solution File, Format Version 12.00
# Visual Studio Version 17
VisualStudioVersion = 17.5.002.0
MinimumVisualStudioVersion = 10.0.40219.1
Project("{9A19103F-16F7-4668-BE54-9A1E7A4F7556}") = "MvcMovie", "MvcMovie.csproj", "{BB48AEE2-A0DC-4644-A8BA-6591FDCBDF9A}"
EndProject
Global
	GlobalSection(SolutionConfigurationPlatforms) = preSolution
		Debug|Any CPU = Debug|Any CPU
		Release|Any CPU = Release|Any CPU
	EndGlobalSection
	GlobalSection(ProjectConfigurationPlatforms) = postSolution
		{BB48AEE2-A0DC-4644-A8BA-6591FDCBDF9A}.Debug|Any CPU.ActiveCfg = Debug|Any CPU
		{BB48AEE2-A0DC-4644-A8BA-6591FDCBDF9A}.Debug|Any CPU.Build.0 = Debug|Any CPU
		{BB48AEE2-A0DC-4644-A8BA-6591FDCBDF9A}.Release|Any CPU.ActiveCfg = Release|Any CPU
		{BB48AEE2-A0DC-4644-A8BA-6591FDCBDF9A}.Release|Any CPU.Build.0 = Release|Any CPU
	EndGlobalSection
	GlobalSection(SolutionProperties) = preSolution
		HideSolutionNode = FALSE
	EndGlobalSection
	GlobalSection(ExtensibilityGlobals) = postSolution
		SolutionGuid = {E8E0A6C8-626D-410B-ABE7-9DDA7C2B51CB}
	EndGlobalSection
EndGlobal
